lockfileVersion: '6.0'

settings:
  autoInstallPeers: true
  excludeLinksFromLockfile: false

devDependencies:
  '@api-docstring/core':
    specifier: file:../packages/core
    version: file:../packages/core

packages:

  /@types/klaw-sync@6.0.5:
    resolution: {integrity: sha512-xlavCRyu5ibDjsOc7PSgeUbwOBZdnJsND8gFUVfBilplbBIWhLZVjwtqbZq0327ny3jNt7oviEh5NS9a4LudeQ==}
    dependencies:
      '@types/node': 20.10.0
    dev: true

  /@types/node@20.10.0:
    resolution: {integrity: sha512-D0WfRmU9TQ8I9PFx9Yc+EBHw+vSpIub4IDvQivcp26PtPrdMGAq5SDcpXEo/epqa/DXotVpekHiLNTg3iaKXBQ==}
    dependencies:
      undici-types: 5.26.5
    dev: true

  /graceful-fs@4.2.11:
    resolution: {integrity: sha512-RbJ5/jmFcNNCcDV5o9eTnBLJ/HszWV0P73bc+Ff4nS/rJj+YaS6IGyiOL0VoBYX+l1Wrl3k63h/KrH+nhJ0XvQ==}
    dev: true

  /iconv-lite@0.6.3:
    resolution: {integrity: sha512-4fCk79wshMdzMp2rH06qWrJE4iolqLhCUH+OiuIgU++RB0+94NlDL81atO7GX55uUKueo0txHNtvEyI6D7WdMw==}
    engines: {node: '>=0.10.0'}
    dependencies:
      safer-buffer: 2.1.2
    dev: true

  /klaw-sync@6.0.0:
    resolution: {integrity: sha512-nIeuVSzdCCs6TDPTqI8w1Yre34sSq7AkZ4B3sfOBbI2CgVSB4Du4aLQijFU2+lhAFCwt9+42Hel6lQNIv6AntQ==}
    dependencies:
      graceful-fs: 4.2.11
    dev: true

  /lodash@4.17.21:
    resolution: {integrity: sha512-v2kDEe57lecTulaDIuNTPy3Ry4gLGJ6Z1O3vE1krgXZNrsQ+LFTGHVxVjcXPs17LhbZVGedAJv8XZ1tvj5FvSg==}
    dev: true

  /lru-cache@6.0.0:
    resolution: {integrity: sha512-Jo6dJ04CmSjuznwJSS3pUeWmd/H0ffTlkXXgwZi+eq1UCmqQwCh+eLsYOYCwY991i2Fah4h1BEMCx4qThGbsiA==}
    engines: {node: '>=10'}
    dependencies:
      yallist: 4.0.0
    dev: true

  /safer-buffer@2.1.2:
    resolution: {integrity: sha512-YZo3K82SD7Riyi0E1EQPojLz7kpepnSQI9IyPbHHg1XXXevb5dJI7tpyN2ADxGcQbHG7vcyRHk0cbwqcQriUtg==}
    dev: true

  /semver@7.5.4:
    resolution: {integrity: sha512-1bCSESV6Pv+i21Hvpxp3Dx+pSD8lIPt8uVjRrxAUt/nbswYc+tK6Y2btiULjd4+fnq15PX+nqQDC7Oft7WkwcA==}
    engines: {node: '>=10'}
    hasBin: true
    dependencies:
      lru-cache: 6.0.0
    dev: true

  /undici-types@5.26.5:
    resolution: {integrity: sha512-JlCMO+ehdEIKqlFxk6IfVoAUVmgz7cU7zD/h9XZ0qzeosSHmUJVOzSQvvYSYWXkFXC+IfLKSIffhv0sVZup6pA==}
    dev: true

  /yallist@4.0.0:
    resolution: {integrity: sha512-3wdGidZyq5PB084XLES5TpOSRA3wjXAlIWMhum2kRcv/41Sn2emQ0dycQW4uZXLejwKvg6EsvbdlVL+FYEct7A==}
    dev: true

  file:../packages/core:
    resolution: {directory: ../packages/core, type: directory}
    name: '@api-docstring/core'
    hasBin: true
    dependencies:
      '@types/klaw-sync': 6.0.5
      iconv-lite: 0.6.3
      klaw-sync: 6.0.0
      lodash: 4.17.21
      semver: 7.5.4
    dev: true
